
Microsoft Visual Studio Solution File, Format Version 12.00
# Visual Studio Version 16
VisualStudioVersion = 16.0.31702.278
MinimumVisualStudioVersion = 10.0.40219.1
Project("{FAE04EC0-301F-11D3-BF4B-00C04F79EFBC}") = "UC4MoodFactory", "UC4MoodFactory.csproj", "{D47475DF-ABBA-4B32-A354-69D6ED21451E}"
EndProject
Global
	GlobalSection(SolutionConfigurationPlatforms) = preSolution
		Debug|Any CPU = Debug|Any CPU
		Release|Any CPU = Release|Any CPU
	EndGlobalSection
	GlobalSection(ProjectConfigurationPlatforms) = postSolution
		{D47475DF-ABBA-4B32-A354-69D6ED21451E}.Debug|Any CPU.ActiveCfg = Debug|Any CPU
		{D47475DF-ABBA-4B32-A354-69D6ED21451E}.Debug|Any CPU.Build.0 = Debug|Any CPU
		{D47475DF-ABBA-4B32-A354-69D6ED21451E}.Release|Any CPU.ActiveCfg = Release|Any CPU
		{D47475DF-ABBA-4B32-A354-69D6ED21451E}.Release|Any CPU.Build.0 = Release|Any CPU
	EndGlobalSection
	GlobalSection(SolutionProperties) = preSolution
		HideSolutionNode = FALSE
	EndGlobalSection
	GlobalSection(ExtensibilityGlobals) = postSolution
		SolutionGuid = {8F53B7DB-177A-4BB8-A95E-B0BE64EB208D}
	EndGlobalSection
EndGlobal
